// !$*UTF8*$!
{
	archiveVersion = 1;
	classes = {
	};
	objectVersion = 50;
	objects = {

/* Begin PBXBuildFile section */
		95968FC1251A46D100304417 /* AppDelegate.swift in Sources */ = {isa = PBXBuildFile; fileRef = 95968FC0251A46D100304417 /* AppDelegate.swift */; };
		95968FC3251A46D100304417 /* GameScene.sks in Resources */ = {isa = PBXBuildFile; fileRef = 95968FC2251A46D100304417 /* GameScene.sks */; };
		95968FC5251A46D100304417 /* Actions.sks in Resources */ = {isa = PBXBuildFile; fileRef = 95968FC4251A46D100304417 /* Actions.sks */; };
		95968FC7251A46D100304417 /* GameScene.swift in Sources */ = {isa = PBXBuildFile; fileRef = 95968FC6251A46D100304417 /* GameScene.swift */; };
		95968FC9251A46D100304417 /* GameViewController.swift in Sources */ = {isa = PBXBuildFile; fileRef = 95968FC8251A46D100304417 /* GameViewController.swift */; };
		95968FCC251A46D100304417 /* Main.storyboard in Resources */ = {isa = PBXBuildFile; fileRef = 95968FCA251A46D100304417 /* Main.storyboard */; };
		95968FCE251A46D400304417 /* Assets.xcassets in Resources */ = {isa = PBXBuildFile; fileRef = 95968FCD251A46D400304417 /* Assets.xcassets */; };
		95969058251A471400304417 /* selected.wav in Resources */ = {isa = PBXBuildFile; fileRef = 95969012251A471300304417 /* selected.wav */; };
		95969059251A471400304417 /* magic.wav in Resources */ = {isa = PBXBuildFile; fileRef = 95969013251A471300304417 /* magic.wav */; };
		9596905A251A471400304417 /* background.png in Resources */ = {isa = PBXBuildFile; fileRef = 95969015251A471300304417 /* background.png */; };
		9596905B251A471400304417 /* scoreboard.png in Resources */ = {isa = PBXBuildFile; fileRef = 95969016251A471300304417 /* scoreboard.png */; };
		9596905C251A471400304417 /* jewel_1.png in Resources */ = {isa = PBXBuildFile; fileRef = 95969018251A471300304417 /* jewel_1.png */; };
		9596905D251A471400304417 /* jewel_3.png in Resources */ = {isa = PBXBuildFile; fileRef = 95969019251A471300304417 /* jewel_3.png */; };
		9596905E251A471400304417 /* jewel_2.png in Resources */ = {isa = PBXBuildFile; fileRef = 9596901A251A471300304417 /* jewel_2.png */; };
		9596905F251A471400304417 /* jewel_6.png in Resources */ = {isa = PBXBuildFile; fileRef = 9596901B251A471300304417 /* jewel_6.png */; };
		95969060251A471400304417 /* jewel_5.png in Resources */ = {isa = PBXBuildFile; fileRef = 9596901C251A471300304417 /* jewel_5.png */; };
		95969061251A471400304417 /* jewel_4.png in Resources */ = {isa = PBXBuildFile; fileRef = 9596901D251A471300304417 /* jewel_4.png */; };
		95969069251A491600304417 /* LineTile.swift in Sources */ = {isa = PBXBuildFile; fileRef = 95969068251A491600304417 /* LineTile.swift */; };
		9596906C251A49A800304417 /* LineModel.swift in Sources */ = {isa = PBXBuildFile; fileRef = 9596906B251A49A800304417 /* LineModel.swift */; };
		95969071251A4F8000304417 /* LineUtils.swift in Sources */ = {isa = PBXBuildFile; fileRef = 95969070251A4F8000304417 /* LineUtils.swift */; };
		95969075251AACBB00304417 /* match.sks in Resources */ = {isa = PBXBuildFile; fileRef = 95969074251AACBB00304417 /* match.sks */; };
		95969078251AB14500304417 /* LineScoreBoard.swift in Sources */ = {isa = PBXBuildFile; fileRef = 95969077251AB14500304417 /* LineScoreBoard.swift */; };
/* End PBXBuildFile section */

/* Begin PBXFileReference section */
		95968FBD251A46D100304417 /* LineDevices.app */ = {isa = PBXFileReference; explicitFileType = wrapper.application; includeInIndex = 0; path = LineDevices.app; sourceTree = BUILT_PRODUCTS_DIR; };
		95968FC0251A46D100304417 /* AppDelegate.swift */ = {isa = PBXFileReference; lastKnownFileType = sourcecode.swift; path = AppDelegate.swift; sourceTree = "<group>"; };
		95968FC2251A46D100304417 /* GameScene.sks */ = {isa = PBXFileReference; lastKnownFileType = file.sks; path = GameScene.sks; sourceTree = "<group>"; };
		95968FC4251A46D100304417 /* Actions.sks */ = {isa = PBXFileReference; lastKnownFileType = file.sks; path = Actions.sks; sourceTree = "<group>"; };
		95968FC6251A46D100304417 /* GameScene.swift */ = {isa = PBXFileReference; lastKnownFileType = sourcecode.swift; path = GameScene.swift; sourceTree = "<group>"; };
		95968FC8251A46D100304417 /* GameViewController.swift */ = {isa = PBXFileReference; lastKnownFileType = sourcecode.swift; path = GameViewController.swift; sourceTree = "<group>"; };
		95968FCB251A46D100304417 /* Base */ = {isa = PBXFileReference; lastKnownFileType = file.storyboard; name = Base; path = Base.lproj/Main.storyboard; sourceTree = "<group>"; };
		95968FCD251A46D400304417 /* Assets.xcassets */ = {isa = PBXFileReference; lastKnownFileType = folder.assetcatalog; path = Assets.xcassets; sourceTree = "<group>"; };
		95968FCF251A46D400304417 /* Info.plist */ = {isa = PBXFileReference; lastKnownFileType = text.plist.xml; path = Info.plist; sourceTree = "<group>"; };
		95969012251A471300304417 /* selected.wav */ = {isa = PBXFileReference; lastKnownFileType = audio.wav; path = selected.wav; sourceTree = "<group>"; };
		95969013251A471300304417 /* magic.wav */ = {isa = PBXFileReference; lastKnownFileType = audio.wav; path = magic.wav; sourceTree = "<group>"; };
		95969015251A471300304417 /* background.png */ = {isa = PBXFileReference; lastKnownFileType = image.png; path = background.png; sourceTree = "<group>"; };
		95969016251A471300304417 /* scoreboard.png */ = {isa = PBXFileReference; lastKnownFileType = image.png; path = scoreboard.png; sourceTree = "<group>"; };
		95969018251A471300304417 /* jewel_1.png */ = {isa = PBXFileReference; lastKnownFileType = image.png; path = jewel_1.png; sourceTree = "<group>"; };
		95969019251A471300304417 /* jewel_3.png */ = {isa = PBXFileReference; lastKnownFileType = image.png; path = jewel_3.png; sourceTree = "<group>"; };
		9596901A251A471300304417 /* jewel_2.png */ = {isa = PBXFileReference; lastKnownFileType = image.png; path = jewel_2.png; sourceTree = "<group>"; };
		9596901B251A471300304417 /* jewel_6.png */ = {isa = PBXFileReference; lastKnownFileType = image.png; path = jewel_6.png; sourceTree = "<group>"; };
		9596901C251A471300304417 /* jewel_5.png */ = {isa = PBXFileReference; lastKnownFileType = image.png; path = jewel_5.png; sourceTree = "<group>"; };
		9596901D251A471300304417 /* jewel_4.png */ = {isa = PBXFileReference; lastKnownFileType = image.png; path = jewel_4.png; sourceTree = "<group>"; };
		95969068251A491600304417 /* LineTile.swift */ = {isa = PBXFileReference; lastKnownFileType = sourcecode.swift; path = LineTile.swift; sourceTree = "<group>"; };
		9596906B251A49A800304417 /* LineModel.swift */ = {isa = PBXFileReference; lastKnownFileType = sourcecode.swift; path = LineModel.swift; sourceTree = "<group>"; };
		95969070251A4F8000304417 /* LineUtils.swift */ = {isa = PBXFileReference; lastKnownFileType = sourcecode.swift; path = LineUtils.swift; sourceTree = "<group>"; };
		95969074251AACBB00304417 /* match.sks */ = {isa = PBXFileReference; lastKnownFileType = file.sks; path = match.sks; sourceTree = "<group>"; };
		95969077251AB14500304417 /* LineScoreBoard.swift */ = {isa = PBXFileReference; lastKnownFileType = sourcecode.swift; path = LineScoreBoard.swift; sourceTree = "<group>"; };
/* End PBXFileReference section */

/* Begin PBXFrameworksBuildPhase section */
		95968FBA251A46D100304417 /* Frameworks */ = {
			isa = PBXFrameworksBuildPhase;
			buildActionMask = 2147483647;
			files = (
			);
			runOnlyForDeploymentPostprocessing = 0;
		};
/* End PBXFrameworksBuildPhase section */

/* Begin PBXGroup section */
		95526246251AE3000052DE17 /* Sources */ = {
			isa = PBXGroup;
			children = (
				95969014251A471300304417 /* Images */,
				95969017251A471300304417 /* Jewels */,
				95969011251A471300304417 /* Sounds */,
			);
			path = Sources;
			sourceTree = "<group>";
		};
		95968FB4251A46D100304417 = {
			isa = PBXGroup;
			children = (
				95968FBF251A46D100304417 /* LineDevices */,
				95968FBE251A46D100304417 /* Products */,
			);
			sourceTree = "<group>";
		};
		95968FBE251A46D100304417 /* Products */ = {
			isa = PBXGroup;
			children = (
				95968FBD251A46D100304417 /* LineDevices.app */,
			);
			name = Products;
			sourceTree = "<group>";
		};
		95968FBF251A46D100304417 /* LineDevices */ = {
			isa = PBXGroup;
			children = (
				95968FC0251A46D100304417 /* AppDelegate.swift */,
				95969066251A48B400304417 /* Model */,
				95969065251A48AD00304417 /* View */,
				95969064251A48A300304417 /* Controller */,
				95968FCD251A46D400304417 /* Assets.xcassets */,
				95526246251AE3000052DE17 /* Sources */,
				95968FCF251A46D400304417 /* Info.plist */,
				95969074251AACBB00304417 /* match.sks */,
			);
			path = LineDevices;
			sourceTree = "<group>";
		};
		95969011251A471300304417 /* Sounds */ = {
			isa = PBXGroup;
			children = (
				95969012251A471300304417 /* selected.wav */,
				95969013251A471300304417 /* magic.wav */,
			);
			path = Sounds;
			sourceTree = "<group>";
		};
		95969014251A471300304417 /* Images */ = {
			isa = PBXGroup;
			children = (
				95969015251A471300304417 /* background.png */,
				95969016251A471300304417 /* scoreboard.png */,
			);
			path = Images;
			sourceTree = "<group>";
		};
		95969017251A471300304417 /* Jewels */ = {
			isa = PBXGroup;
			children = (
				95969018251A471300304417 /* jewel_1.png */,
				95969019251A471300304417 /* jewel_3.png */,
				9596901A251A471300304417 /* jewel_2.png */,
				9596901B251A471300304417 /* jewel_6.png */,
				9596901C251A471300304417 /* jewel_5.png */,
				9596901D251A471300304417 /* jewel_4.png */,
			);
			path = Jewels;
			sourceTree = "<group>";
		};
		95969064251A48A300304417 /* Controller */ = {
			isa = PBXGroup;
			children = (
				95968FC8251A46D100304417 /* GameViewController.swift */,
				95968FC6251A46D100304417 /* GameScene.swift */,
				95969077251AB14500304417 /* LineScoreBoard.swift */,
			);
			path = Controller;
			sourceTree = "<group>";
		};
		95969065251A48AD00304417 /* View */ = {
			isa = PBXGroup;
			children = (
				95968FC2251A46D100304417 /* GameScene.sks */,
				95968FCA251A46D100304417 /* Main.storyboard */,
				95968FC4251A46D100304417 /* Actions.sks */,
			);
			path = View;
			sourceTree = "<group>";
		};
		95969066251A48B400304417 /* Model */ = {
			isa = PBXGroup;
			children = (
				9596906B251A49A800304417 /* LineModel.swift */,
				95969068251A491600304417 /* LineTile.swift */,
				95969070251A4F8000304417 /* LineUtils.swift */,
			);
			path = Model;
			sourceTree = "<group>";
		};
/* End PBXGroup section */

/* Begin PBXNativeTarget section */
		95968FBC251A46D100304417 /* LineDevices */ = {
			isa = PBXNativeTarget;
			buildConfigurationList = 95968FD2251A46D400304417 /* Build configuration list for PBXNativeTarget "LineDevices" */;
			buildPhases = (
				95968FB9251A46D100304417 /* Sources */,
				95968FBA251A46D100304417 /* Frameworks */,
				95968FBB251A46D100304417 /* Resources */,
			);
			buildRules = (
			);
			dependencies = (
			);
			name = LineDevices;
			productName = LineDevices;
			productReference = 95968FBD251A46D100304417 /* LineDevices.app */;
			productType = "com.apple.product-type.application";
		};
/* End PBXNativeTarget section */

/* Begin PBXProject section */
		95968FB5251A46D100304417 /* Project object */ = {
			isa = PBXProject;
			attributes = {
				LastSwiftUpdateCheck = 1200;
				LastUpgradeCheck = 1200;
				TargetAttributes = {
					95968FBC251A46D100304417 = {
						CreatedOnToolsVersion = 12.0;
					};
				};
			};
			buildConfigurationList = 95968FB8251A46D100304417 /* Build configuration list for PBXProject "LineDevices" */;
			compatibilityVersion = "Xcode 9.3";
			developmentRegion = en;
			hasScannedForEncodings = 0;
			knownRegions = (
				en,
				Base,
			);
			mainGroup = 95968FB4251A46D100304417;
			productRefGroup = 95968FBE251A46D100304417 /* Products */;
			projectDirPath = "";
			projectRoot = "";
			targets = (
				95968FBC251A46D100304417 /* LineDevices */,
			);
		};
/* End PBXProject section */

/* Begin PBXResourcesBuildPhase section */
		95968FBB251A46D100304417 /* Resources */ = {
			isa = PBXResourcesBuildPhase;
			buildActionMask = 2147483647;
			files = (
				95969061251A471400304417 /* jewel_4.png in Resources */,
				9596905D251A471400304417 /* jewel_3.png in Resources */,
				95969059251A471400304417 /* magic.wav in Resources */,
				9596905C251A471400304417 /* jewel_1.png in Resources */,
				9596905B251A471400304417 /* scoreboard.png in Resources */,
				95968FCC251A46D100304417 /* Main.storyboard in Resources */,
				9596905A251A471400304417 /* background.png in Resources */,
				95968FC3251A46D100304417 /* GameScene.sks in Resources */,
				95969060251A471400304417 /* jewel_5.png in Resources */,
				95969075251AACBB00304417 /* match.sks in Resources */,
				95968FCE251A46D400304417 /* Assets.xcassets in Resources */,
				95968FC5251A46D100304417 /* Actions.sks in Resources */,
				9596905F251A471400304417 /* jewel_6.png in Resources */,
				9596905E251A471400304417 /* jewel_2.png in Resources */,
				95969058251A471400304417 /* selected.wav in Resources */,
			);
			runOnlyForDeploymentPostprocessing = 0;
		};
/* End PBXResourcesBuildPhase section */

/* Begin PBXSourcesBuildPhase section */
		95968FB9251A46D100304417 /* Sources */ = {
			isa = PBXSourcesBuildPhase;
			buildActionMask = 2147483647;
			files = (
				95969069251A491600304417 /* LineTile.swift in Sources */,
				95969071251A4F8000304417 /* LineUtils.swift in Sources */,
				95968FC7251A46D100304417 /* GameScene.swift in Sources */,
				95968FC9251A46D100304417 /* GameViewController.swift in Sources */,
				95968FC1251A46D100304417 /* AppDelegate.swift in Sources */,
				9596906C251A49A800304417 /* LineModel.swift in Sources */,
				95969078251AB14500304417 /* LineScoreBoard.swift in Sources */,
			);
			runOnlyForDeploymentPostprocessing = 0;
		};
/* End PBXSourcesBuildPhase section */

/* Begin PBXVariantGroup section */
		95968FCA251A46D100304417 /* Main.storyboard */ = {
			isa = PBXVariantGroup;
			children = (
				95968FCB251A46D100304417 /* Base */,
			);
			name = Main.storyboard;
			sourceTree = "<group>";
		};
/* End PBXVariantGroup section */

/* Begin XCBuildConfiguration section */
		95968FD0251A46D400304417 /* Debug */ = {
			isa = XCBuildConfiguration;
			buildSettings = {
				ALWAYS_SEARCH_USER_PATHS = NO;
				CLANG_ANALYZER_NONNULL = YES;
				CLANG_ANALYZER_NUMBER_OBJECT_CONVERSION = YES_AGGRESSIVE;
				CLANG_CXX_LANGUAGE_STANDARD = "gnu++14";
				CLANG_CXX_LIBRARY = "libc++";
				CLANG_ENABLE_MODULES = YES;
				CLANG_ENABLE_OBJC_ARC = YES;
				CLANG_ENABLE_OBJC_WEAK = YES;
				CLANG_WARN_BLOCK_CAPTURE_AUTORELEASING = YES;
				CLANG_WARN_BOOL_CONVERSION = YES;
				CLANG_WARN_COMMA = YES;
				CLANG_WARN_CONSTANT_CONVERSION = YES;
				CLANG_WARN_DEPRECATED_OBJC_IMPLEMENTATIONS = YES;
				CLANG_WARN_DIRECT_OBJC_ISA_USAGE = YES_ERROR;
				CLANG_WARN_DOCUMENTATION_COMMENTS = YES;
				CLANG_WARN_EMPTY_BODY = YES;
				CLANG_WARN_ENUM_CONVERSION = YES;
				CLANG_WARN_INFINITE_RECURSION = YES;
				CLANG_WARN_INT_CONVERSION = YES;
				CLANG_WARN_NON_LITERAL_NULL_CONVERSION = YES;
				CLANG_WARN_OBJC_IMPLICIT_RETAIN_SELF = YES;
				CLANG_WARN_OBJC_LITERAL_CONVERSION = YES;
				CLANG_WARN_OBJC_ROOT_CLASS = YES_ERROR;
				CLANG_WARN_QUOTED_INCLUDE_IN_FRAMEWORK_HEADER = YES;
				CLANG_WARN_RANGE_LOOP_ANALYSIS = YES;
				CLANG_WARN_STRICT_PROTOTYPES = YES;
				CLANG_WARN_SUSPICIOUS_MOVE = YES;
				CLANG_WARN_UNGUARDED_AVAILABILITY = YES_AGGRESSIVE;
				CLANG_WARN_UNREACHABLE_CODE = YES;
				CLANG_WARN__DUPLICATE_METHOD_MATCH = YES;
				COPY_PHASE_STRIP = NO;
				DEBUG_INFORMATION_FORMAT = dwarf;
				ENABLE_STRICT_OBJC_MSGSEND = YES;
				ENABLE_TESTABILITY = YES;
				GCC_C_LANGUAGE_STANDARD = gnu11;
				GCC_DYNAMIC_NO_PIC = NO;
				GCC_NO_COMMON_BLOCKS = YES;
				GCC_OPTIMIZATION_LEVEL = 0;
				GCC_PREPROCESSOR_DEFINITIONS = (
					"DEBUG=1",
					"$(inherited)",
				);
				GCC_WARN_64_TO_32_BIT_CONVERSION = YES;
				GCC_WARN_ABOUT_RETURN_TYPE = YES_ERROR;
				GCC_WARN_UNDECLARED_SELECTOR = YES;
				GCC_WARN_UNINITIALIZED_AUTOS = YES_AGGRESSIVE;
				GCC_WARN_UNUSED_FUNCTION = YES;
				GCC_WARN_UNUSED_VARIABLE = YES;
				IPHONEOS_DEPLOYMENT_TARGET = 14.0;
				MTL_ENABLE_DEBUG_INFO = INCLUDE_SOURCE;
				MTL_FAST_MATH = YES;
				ONLY_ACTIVE_ARCH = YES;
				SDKROOT = iphoneos;
				SWIFT_ACTIVE_COMPILATION_CONDITIONS = DEBUG;
				SWIFT_OPTIMIZATION_LEVEL = "-Onone";
			};
			name = Debug;
		};
		95968FD1251A46D400304417 /* Release */ = {
			isa = XCBuildConfiguration;
			buildSettings = {
				ALWAYS_SEARCH_USER_PATHS = NO;
				CLANG_ANALYZER_NONNULL = YES;
				CLANG_ANALYZER_NUMBER_OBJECT_CONVERSION = YES_AGGRESSIVE;
				CLANG_CXX_LANGUAGE_STANDARD = "gnu++14";
				CLANG_CXX_LIBRARY = "libc++";
				CLANG_ENABLE_MODULES = YES;
				CLANG_ENABLE_OBJC_ARC = YES;
				CLANG_ENABLE_OBJC_WEAK = YES;
				CLANG_WARN_BLOCK_CAPTURE_AUTORELEASING = YES;
				CLANG_WARN_BOOL_CONVERSION = YES;
				CLANG_WARN_COMMA = YES;
				CLANG_WARN_CONSTANT_CONVERSION = YES;
				CLANG_WARN_DEPRECATED_OBJC_IMPLEMENTATIONS = YES;
				CLANG_WARN_DIRECT_OBJC_ISA_USAGE = YES_ERROR;
				CLANG_WARN_DOCUMENTATION_COMMENTS = YES;
				CLANG_WARN_EMPTY_BODY = YES;
				CLANG_WARN_ENUM_CONVERSION = YES;
				CLANG_WARN_INFINITE_RECURSION = YES;
				CLANG_WARN_INT_CONVERSION = YES;
				CLANG_WARN_NON_LITERAL_NULL_CONVERSION = YES;
				CLANG_WARN_OBJC_IMPLICIT_RETAIN_SELF = YES;
				CLANG_WARN_OBJC_LITERAL_CONVERSION = YES;
				CLANG_WARN_OBJC_ROOT_CLASS = YES_ERROR;
				CLANG_WARN_QUOTED_INCLUDE_IN_FRAMEWORK_HEADER = YES;
				CLANG_WARN_RANGE_LOOP_ANALYSIS = YES;
				CLANG_WARN_STRICT_PROTOTYPES = YES;
				CLANG_WARN_SUSPICIOUS_MOVE = YES;
				CLANG_WARN_UNGUARDED_AVAILABILITY = YES_AGGRESSIVE;
				CLANG_WARN_UNREACHABLE_CODE = YES;
				CLANG_WARN__DUPLICATE_METHOD_MATCH = YES;
				COPY_PHASE_STRIP = NO;
				DEBUG_INFORMATION_FORMAT = "dwarf-with-dsym";
				ENABLE_NS_ASSERTIONS = NO;
				ENABLE_STRICT_OBJC_MSGSEND = YES;
				GCC_C_LANGUAGE_STANDARD = gnu11;
				GCC_NO_COMMON_BLOCKS = YES;
				GCC_WARN_64_TO_32_BIT_CONVERSION = YES;
				GCC_WARN_ABOUT_RETURN_TYPE = YES_ERROR;
				GCC_WARN_UNDECLARED_SELECTOR = YES;
				GCC_WARN_UNINITIALIZED_AUTOS = YES_AGGRESSIVE;
				GCC_WARN_UNUSED_FUNCTION = YES;
				GCC_WARN_UNUSED_VARIABLE = YES;
				IPHONEOS_DEPLOYMENT_TARGET = 14.0;
				MTL_ENABLE_DEBUG_INFO = NO;
				MTL_FAST_MATH = YES;
				SDKROOT = iphoneos;
				SWIFT_COMPILATION_MODE = wholemodule;
				SWIFT_OPTIMIZATION_LEVEL = "-O";
				VALIDATE_PRODUCT = YES;
			};
			name = Release;
		};
		95968FD3251A46D400304417 /* Debug */ = {
			isa = XCBuildConfiguration;
			buildSettings = {
				ASSETCATALOG_COMPILER_APPICON_NAME = AppIcon;
				ASSETCATALOG_COMPILER_GLOBAL_ACCENT_COLOR_NAME = AccentColor;
				CODE_SIGN_STYLE = Automatic;
				DEVELOPMENT_TEAM = 5FDA988DZF;
				INFOPLIST_FILE = LineDevices/Info.plist;
				IPHONEOS_DEPLOYMENT_TARGET = 10.0;
				LD_RUNPATH_SEARCH_PATHS = (
					"$(inherited)",
					"@executable_path/Frameworks",
				);
				PRODUCT_BUNDLE_IDENTIFIER = "com.rsh-enginering.tkachenko.LineDevices";
				PRODUCT_NAME = "$(TARGET_NAME)";
				SWIFT_VERSION = 5.0;
				TARGETED_DEVICE_FAMILY = "1,2";
			};
			name = Debug;
		};
		95968FD4251A46D400304417 /* Release */ = {
			isa = XCBuildConfiguration;
			buildSettings = {
				ASSETCATALOG_COMPILER_APPICON_NAME = AppIcon;
				ASSETCATALOG_COMPILER_GLOBAL_ACCENT_COLOR_NAME = AccentColor;
				CODE_SIGN_STYLE = Automatic;
				DEVELOPMENT_TEAM = 5FDA988DZF;
				INFOPLIST_FILE = LineDevices/Info.plist;
				IPHONEOS_DEPLOYMENT_TARGET = 10.0;
				LD_RUNPATH_SEARCH_PATHS = (
					"$(inherited)",
					"@executable_path/Frameworks",
				);
				PRODUCT_BUNDLE_IDENTIFIER = "com.rsh-enginering.tkachenko.LineDevices";
				PRODUCT_NAME = "$(TARGET_NAME)";
				SWIFT_VERSION = 5.0;
				TARGETED_DEVICE_FAMILY = "1,2";
			};
			name = Release;
		};
/* End XCBuildConfiguration section */

/* Begin XCConfigurationList section */
		95968FB8251A46D100304417 /* Build configuration list for PBXProject "LineDevices" */ = {
			isa = XCConfigurationList;
			buildConfigurations = (
				95968FD0251A46D400304417 /* Debug */,
				95968FD1251A46D400304417 /* Release */,
			);
			defaultConfigurationIsVisible = 0;
			defaultConfigurationName = Release;
		};
		95968FD2251A46D400304417 /* Build configuration list for PBXNativeTarget "LineDevices" */ = {
			isa = XCConfigurationList;
			buildConfigurations = (
				95968FD3251A46D400304417 /* Debug */,
				95968FD4251A46D400304417 /* Release */,
			);
			defaultConfigurationIsVisible = 0;
			defaultConfigurationName = Release;
		};
/* End XCConfigurationList section */
	};
	rootObject = 95968FB5251A46D100304417 /* Project object */;
}
